// !$*UTF8*$!
{
	archiveVersion = 1;
	classes = {
	};
	objectVersion = 56;
	objects = {

/* Begin PBXBuildFile section */
		0C34E0CD2A6406CE0077EDEA /* MoodTrackerApp.swift in Sources */ = {isa = PBXBuildFile; fileRef = 0C34E0CC2A6406CE0077EDEA /* MoodTrackerApp.swift */; };
		0C34E0CF2A6406CE0077EDEA /* ContentView.swift in Sources */ = {isa = PBXBuildFile; fileRef = 0C34E0CE2A6406CE0077EDEA /* ContentView.swift */; };
		0C34E0D12A6406D00077EDEA /* Assets.xcassets in Resources */ = {isa = PBXBuildFile; fileRef = 0C34E0D02A6406D00077EDEA /* Assets.xcassets */; };
		0C34E0D42A6406D00077EDEA /* Preview Assets.xcassets in Resources */ = {isa = PBXBuildFile; fileRef = 0C34E0D32A6406D00077EDEA /* Preview Assets.xcassets */; };
		0C34E0DD2A6406F90077EDEA /* MoodModel.xcdatamodeld in Sources */ = {isa = PBXBuildFile; fileRef = 0C34E0DB2A6406F90077EDEA /* MoodModel.xcdatamodeld */; };
		0C34E0DF2A6408090077EDEA /* DataController.swift in Sources */ = {isa = PBXBuildFile; fileRef = 0C34E0DE2A6408090077EDEA /* DataController.swift */; };
		0C34E0E52A640B4C0077EDEA /* AddMoodView.swift in Sources */ = {isa = PBXBuildFile; fileRef = 0C34E0E42A640B4C0077EDEA /* AddMoodView.swift */; };
		0C34E0E72A640D090077EDEA /* TimeFormatting.swift in Sources */ = {isa = PBXBuildFile; fileRef = 0C34E0E62A640D090077EDEA /* TimeFormatting.swift */; };
/* End PBXBuildFile section */

/* Begin PBXFileReference section */
		0C34E0C92A6406CE0077EDEA /* MoodTracker.app */ = {isa = PBXFileReference; explicitFileType = wrapper.application; includeInIndex = 0; path = MoodTracker.app; sourceTree = BUILT_PRODUCTS_DIR; };
		0C34E0CC2A6406CE0077EDEA /* MoodTrackerApp.swift */ = {isa = PBXFileReference; lastKnownFileType = sourcecode.swift; path = MoodTrackerApp.swift; sourceTree = "<group>"; };
		0C34E0CE2A6406CE0077EDEA /* ContentView.swift */ = {isa = PBXFileReference; lastKnownFileType = sourcecode.swift; path = ContentView.swift; sourceTree = "<group>"; };
		0C34E0D02A6406D00077EDEA /* Assets.xcassets */ = {isa = PBXFileReference; lastKnownFileType = folder.assetcatalog; path = Assets.xcassets; sourceTree = "<group>"; };
		0C34E0D32A6406D00077EDEA /* Preview Assets.xcassets */ = {isa = PBXFileReference; lastKnownFileType = folder.assetcatalog; path = "Preview Assets.xcassets"; sourceTree = "<group>"; };
		0C34E0DC2A6406F90077EDEA /* MoodModel.xcdatamodel */ = {isa = PBXFileReference; lastKnownFileType = wrapper.xcdatamodel; path = MoodModel.xcdatamodel; sourceTree = "<group>"; };
		0C34E0DE2A6408090077EDEA /* DataController.swift */ = {isa = PBXFileReference; lastKnownFileType = sourcecode.swift; path = DataController.swift; sourceTree = "<group>"; };
		0C34E0E42A640B4C0077EDEA /* AddMoodView.swift */ = {isa = PBXFileReference; lastKnownFileType = sourcecode.swift; path = AddMoodView.swift; sourceTree = "<group>"; };
		0C34E0E62A640D090077EDEA /* TimeFormatting.swift */ = {isa = PBXFileReference; lastKnownFileType = sourcecode.swift; path = TimeFormatting.swift; sourceTree = "<group>"; };
/* End PBXFileReference section */

/* Begin PBXFrameworksBuildPhase section */
		0C34E0C62A6406CE0077EDEA /* Frameworks */ = {
			isa = PBXFrameworksBuildPhase;
			buildActionMask = 2147483647;
			files = (
			);
			runOnlyForDeploymentPostprocessing = 0;
		};
/* End PBXFrameworksBuildPhase section */

/* Begin PBXGroup section */
		0C34E0C02A6406CE0077EDEA = {
			isa = PBXGroup;
			children = (
				0C34E0CB2A6406CE0077EDEA /* MoodTracker */,
				0C34E0CA2A6406CE0077EDEA /* Products */,
			);
			sourceTree = "<group>";
		};
		0C34E0CA2A6406CE0077EDEA /* Products */ = {
			isa = PBXGroup;
			children = (
				0C34E0C92A6406CE0077EDEA /* MoodTracker.app */,
			);
			name = Products;
			sourceTree = "<group>";
		};
		0C34E0CB2A6406CE0077EDEA /* MoodTracker */ = {
			isa = PBXGroup;
			children = (
				0C34E0CC2A6406CE0077EDEA /* MoodTrackerApp.swift */,
				0C34E0E12A640B160077EDEA /* Helpers */,
				0C34E0E02A640B050077EDEA /* Views */,
				0C34E0DA2A6406DE0077EDEA /* DataModel */,
				0C34E0D02A6406D00077EDEA /* Assets.xcassets */,
				0C34E0D22A6406D00077EDEA /* Preview Content */,
			);
			path = MoodTracker;
			sourceTree = "<group>";
		};
		0C34E0D22A6406D00077EDEA /* Preview Content */ = {
			isa = PBXGroup;
			children = (
				0C34E0D32A6406D00077EDEA /* Preview Assets.xcassets */,
			);
			path = "Preview Content";
			sourceTree = "<group>";
		};
		0C34E0DA2A6406DE0077EDEA /* DataModel */ = {
			isa = PBXGroup;
			children = (
				0C34E0DB2A6406F90077EDEA /* MoodModel.xcdatamodeld */,
				0C34E0DE2A6408090077EDEA /* DataController.swift */,
			);
			path = DataModel;
			sourceTree = "<group>";
		};
		0C34E0E02A640B050077EDEA /* Views */ = {
			isa = PBXGroup;
			children = (
				0C34E0CE2A6406CE0077EDEA /* ContentView.swift */,
				0C34E0E42A640B4C0077EDEA /* AddMoodView.swift */,
			);
			path = Views;
			sourceTree = "<group>";
		};
		0C34E0E12A640B160077EDEA /* Helpers */ = {
			isa = PBXGroup;
			children = (
				0C34E0E62A640D090077EDEA /* TimeFormatting.swift */,
			);
			path = Helpers;
			sourceTree = "<group>";
		};
/* End PBXGroup section */

/* Begin PBXNativeTarget section */
		0C34E0C82A6406CE0077EDEA /* MoodTracker */ = {
			isa = PBXNativeTarget;
			buildConfigurationList = 0C34E0D72A6406D00077EDEA /* Build configuration list for PBXNativeTarget "MoodTracker" */;
			buildPhases = (
				0C34E0C52A6406CE0077EDEA /* Sources */,
				0C34E0C62A6406CE0077EDEA /* Frameworks */,
				0C34E0C72A6406CE0077EDEA /* Resources */,
			);
			buildRules = (
			);
			dependencies = (
			);
			name = MoodTracker;
			productName = MoodTracker;
			productReference = 0C34E0C92A6406CE0077EDEA /* MoodTracker.app */;
			productType = "com.apple.product-type.application";
		};
/* End PBXNativeTarget section */

/* Begin PBXProject section */
		0C34E0C12A6406CE0077EDEA /* Project object */ = {
			isa = PBXProject;
			attributes = {
				BuildIndependentTargetsInParallel = 1;
				LastSwiftUpdateCheck = 1410;
				LastUpgradeCheck = 1410;
				TargetAttributes = {
					0C34E0C82A6406CE0077EDEA = {
						CreatedOnToolsVersion = 14.1;
					};
				};
			};
			buildConfigurationList = 0C34E0C42A6406CE0077EDEA /* Build configuration list for PBXProject "MoodTracker" */;
			compatibilityVersion = "Xcode 14.0";
			developmentRegion = en;
			hasScannedForEncodings = 0;
			knownRegions = (
				en,
				Base,
			);
			mainGroup = 0C34E0C02A6406CE0077EDEA;
			productRefGroup = 0C34E0CA2A6406CE0077EDEA /* Products */;
			projectDirPath = "";
			projectRoot = "";
			targets = (
				0C34E0C82A6406CE0077EDEA /* MoodTracker */,
			);
		};
/* End PBXProject section */

/* Begin PBXResourcesBuildPhase section */
		0C34E0C72A6406CE0077EDEA /* Resources */ = {
			isa = PBXResourcesBuildPhase;
			buildActionMask = 2147483647;
			files = (
				0C34E0D42A6406D00077EDEA /* Preview Assets.xcassets in Resources */,
				0C34E0D12A6406D00077EDEA /* Assets.xcassets in Resources */,
			);
			runOnlyForDeploymentPostprocessing = 0;
		};
/* End PBXResourcesBuildPhase section */

/* Begin PBXSourcesBuildPhase section */
		0C34E0C52A6406CE0077EDEA /* Sources */ = {
			isa = PBXSourcesBuildPhase;
			buildActionMask = 2147483647;
			files = (
				0C34E0E52A640B4C0077EDEA /* AddMoodView.swift in Sources */,
				0C34E0CF2A6406CE0077EDEA /* ContentView.swift in Sources */,
				0C34E0DF2A6408090077EDEA /* DataController.swift in Sources */,
				0C34E0CD2A6406CE0077EDEA /* MoodTrackerApp.swift in Sources */,
				0C34E0DD2A6406F90077EDEA /* MoodModel.xcdatamodeld in Sources */,
				0C34E0E72A640D090077EDEA /* TimeFormatting.swift in Sources */,
			);
			runOnlyForDeploymentPostprocessing = 0;
		};
/* End PBXSourcesBuildPhase section */

/* Begin XCBuildConfiguration section */
		0C34E0D52A6406D00077EDEA /* Debug */ = {
			isa = XCBuildConfiguration;
			buildSettings = {
				ALWAYS_SEARCH_USER_PATHS = NO;
				CLANG_ANALYZER_NONNULL = YES;
				CLANG_ANALYZER_NUMBER_OBJECT_CONVERSION = YES_AGGRESSIVE;
				CLANG_CXX_LANGUAGE_STANDARD = "gnu++20";
				CLANG_ENABLE_MODULES = YES;
				CLANG_ENABLE_OBJC_ARC = YES;
				CLANG_ENABLE_OBJC_WEAK = YES;
				CLANG_WARN_BLOCK_CAPTURE_AUTORELEASING = YES;
				CLANG_WARN_BOOL_CONVERSION = YES;
				CLANG_WARN_COMMA = YES;
				CLANG_WARN_CONSTANT_CONVERSION = YES;
				CLANG_WARN_DEPRECATED_OBJC_IMPLEMENTATIONS = YES;
				CLANG_WARN_DIRECT_OBJC_ISA_USAGE = YES_ERROR;
				CLANG_WARN_DOCUMENTATION_COMMENTS = YES;
				CLANG_WARN_EMPTY_BODY = YES;
				CLANG_WARN_ENUM_CONVERSION = YES;
				CLANG_WARN_INFINITE_RECURSION = YES;
				CLANG_WARN_INT_CONVERSION = YES;
				CLANG_WARN_NON_LITERAL_NULL_CONVERSION = YES;
				CLANG_WARN_OBJC_IMPLICIT_RETAIN_SELF = YES;
				CLANG_WARN_OBJC_LITERAL_CONVERSION = YES;
				CLANG_WARN_OBJC_ROOT_CLASS = YES_ERROR;
				CLANG_WARN_QUOTED_INCLUDE_IN_FRAMEWORK_HEADER = YES;
				CLANG_WARN_RANGE_LOOP_ANALYSIS = YES;
				CLANG_WARN_STRICT_PROTOTYPES = YES;
				CLANG_WARN_SUSPICIOUS_MOVE = YES;
				CLANG_WARN_UNGUARDED_AVAILABILITY = YES_AGGRESSIVE;
				CLANG_WARN_UNREACHABLE_CODE = YES;
				CLANG_WARN__DUPLICATE_METHOD_MATCH = YES;
				COPY_PHASE_STRIP = NO;
				DEBUG_INFORMATION_FORMAT = dwarf;
				ENABLE_STRICT_OBJC_MSGSEND = YES;
				ENABLE_TESTABILITY = YES;
				GCC_C_LANGUAGE_STANDARD = gnu11;
				GCC_DYNAMIC_NO_PIC = NO;
				GCC_NO_COMMON_BLOCKS = YES;
				GCC_OPTIMIZATION_LEVEL = 0;
				GCC_PREPROCESSOR_DEFINITIONS = (
					"DEBUG=1",
					"$(inherited)",
				);
				GCC_WARN_64_TO_32_BIT_CONVERSION = YES;
				GCC_WARN_ABOUT_RETURN_TYPE = YES_ERROR;
				GCC_WARN_UNDECLARED_SELECTOR = YES;
				GCC_WARN_UNINITIALIZED_AUTOS = YES_AGGRESSIVE;
				GCC_WARN_UNUSED_FUNCTION = YES;
				GCC_WARN_UNUSED_VARIABLE = YES;
				IPHONEOS_DEPLOYMENT_TARGET = 16.1;
				MTL_ENABLE_DEBUG_INFO = INCLUDE_SOURCE;
				MTL_FAST_MATH = YES;
				ONLY_ACTIVE_ARCH = YES;
				SDKROOT = iphoneos;
				SWIFT_ACTIVE_COMPILATION_CONDITIONS = DEBUG;
				SWIFT_OPTIMIZATION_LEVEL = "-Onone";
			};
			name = Debug;
		};
		0C34E0D62A6406D00077EDEA /* Release */ = {
			isa = XCBuildConfiguration;
			buildSettings = {
				ALWAYS_SEARCH_USER_PATHS = NO;
				CLANG_ANALYZER_NONNULL = YES;
				CLANG_ANALYZER_NUMBER_OBJECT_CONVERSION = YES_AGGRESSIVE;
				CLANG_CXX_LANGUAGE_STANDARD = "gnu++20";
				CLANG_ENABLE_MODULES = YES;
				CLANG_ENABLE_OBJC_ARC = YES;
				CLANG_ENABLE_OBJC_WEAK = YES;
				CLANG_WARN_BLOCK_CAPTURE_AUTORELEASING = YES;
				CLANG_WARN_BOOL_CONVERSION = YES;
				CLANG_WARN_COMMA = YES;
				CLANG_WARN_CONSTANT_CONVERSION = YES;
				CLANG_WARN_DEPRECATED_OBJC_IMPLEMENTATIONS = YES;
				CLANG_WARN_DIRECT_OBJC_ISA_USAGE = YES_ERROR;
				CLANG_WARN_DOCUMENTATION_COMMENTS = YES;
				CLANG_WARN_EMPTY_BODY = YES;
				CLANG_WARN_ENUM_CONVERSION = YES;
				CLANG_WARN_INFINITE_RECURSION = YES;
				CLANG_WARN_INT_CONVERSION = YES;
				CLANG_WARN_NON_LITERAL_NULL_CONVERSION = YES;
				CLANG_WARN_OBJC_IMPLICIT_RETAIN_SELF = YES;
				CLANG_WARN_OBJC_LITERAL_CONVERSION = YES;
				CLANG_WARN_OBJC_ROOT_CLASS = YES_ERROR;
				CLANG_WARN_QUOTED_INCLUDE_IN_FRAMEWORK_HEADER = YES;
				CLANG_WARN_RANGE_LOOP_ANALYSIS = YES;
				CLANG_WARN_STRICT_PROTOTYPES = YES;
				CLANG_WARN_SUSPICIOUS_MOVE = YES;
				CLANG_WARN_UNGUARDED_AVAILABILITY = YES_AGGRESSIVE;
				CLANG_WARN_UNREACHABLE_CODE = YES;
				CLANG_WARN__DUPLICATE_METHOD_MATCH = YES;
				COPY_PHASE_STRIP = NO;
				DEBUG_INFORMATION_FORMAT = "dwarf-with-dsym";
				ENABLE_NS_ASSERTIONS = NO;
				ENABLE_STRICT_OBJC_MSGSEND = YES;
				GCC_C_LANGUAGE_STANDARD = gnu11;
				GCC_NO_COMMON_BLOCKS = YES;
				GCC_WARN_64_TO_32_BIT_CONVERSION = YES;
				GCC_WARN_ABOUT_RETURN_TYPE = YES_ERROR;
				GCC_WARN_UNDECLARED_SELECTOR = YES;
				GCC_WARN_UNINITIALIZED_AUTOS = YES_AGGRESSIVE;
				GCC_WARN_UNUSED_FUNCTION = YES;
				GCC_WARN_UNUSED_VARIABLE = YES;
				IPHONEOS_DEPLOYMENT_TARGET = 16.1;
				MTL_ENABLE_DEBUG_INFO = NO;
				MTL_FAST_MATH = YES;
				SDKROOT = iphoneos;
				SWIFT_COMPILATION_MODE = wholemodule;
				SWIFT_OPTIMIZATION_LEVEL = "-O";
				VALIDATE_PRODUCT = YES;
			};
			name = Release;
		};
		0C34E0D82A6406D00077EDEA /* Debug */ = {
			isa = XCBuildConfiguration;
			buildSettings = {
				ASSETCATALOG_COMPILER_APPICON_NAME = AppIcon;
				ASSETCATALOG_COMPILER_GLOBAL_ACCENT_COLOR_NAME = AccentColor;
				CODE_SIGN_STYLE = Automatic;
				CURRENT_PROJECT_VERSION = 1;
				DEVELOPMENT_ASSET_PATHS = "\"MoodTracker/Preview Content\"";
				DEVELOPMENT_TEAM = KM8G9U2FRX;
				ENABLE_PREVIEWS = YES;
				GENERATE_INFOPLIST_FILE = YES;
				INFOPLIST_KEY_UIApplicationSceneManifest_Generation = YES;
				INFOPLIST_KEY_UIApplicationSupportsIndirectInputEvents = YES;
				INFOPLIST_KEY_UILaunchScreen_Generation = YES;
				INFOPLIST_KEY_UISupportedInterfaceOrientations_iPad = "UIInterfaceOrientationPortrait UIInterfaceOrientationPortraitUpsideDown UIInterfaceOrientationLandscapeLeft UIInterfaceOrientationLandscapeRight";
				INFOPLIST_KEY_UISupportedInterfaceOrientations_iPhone = "UIInterfaceOrientationPortrait UIInterfaceOrientationLandscapeLeft UIInterfaceOrientationLandscapeRight";
				LD_RUNPATH_SEARCH_PATHS = (
					"$(inherited)",
					"@executable_path/Frameworks",
				);
				MARKETING_VERSION = 1.0;
				PRODUCT_BUNDLE_IDENTIFIER = forkipe.SWIFT.MoodTracker;
				PRODUCT_NAME = "$(TARGET_NAME)";
				SWIFT_EMIT_LOC_STRINGS = YES;
				SWIFT_VERSION = 5.0;
				TARGETED_DEVICE_FAMILY = "1,2";
			};
			name = Debug;
		};
		0C34E0D92A6406D00077EDEA /* Release */ = {
			isa = XCBuildConfiguration;
			buildSettings = {
				ASSETCATALOG_COMPILER_APPICON_NAME = AppIcon;
				ASSETCATALOG_COMPILER_GLOBAL_ACCENT_COLOR_NAME = AccentColor;
				CODE_SIGN_STYLE = Automatic;
				CURRENT_PROJECT_VERSION = 1;
				DEVELOPMENT_ASSET_PATHS = "\"MoodTracker/Preview Content\"";
				DEVELOPMENT_TEAM = KM8G9U2FRX;
				ENABLE_PREVIEWS = YES;
				GENERATE_INFOPLIST_FILE = YES;
				INFOPLIST_KEY_UIApplicationSceneManifest_Generation = YES;
				INFOPLIST_KEY_UIApplicationSupportsIndirectInputEvents = YES;
				INFOPLIST_KEY_UILaunchScreen_Generation = YES;
				INFOPLIST_KEY_UISupportedInterfaceOrientations_iPad = "UIInterfaceOrientationPortrait UIInterfaceOrientationPortraitUpsideDown UIInterfaceOrientationLandscapeLeft UIInterfaceOrientationLandscapeRight";
				INFOPLIST_KEY_UISupportedInterfaceOrientations_iPhone = "UIInterfaceOrientationPortrait UIInterfaceOrientationLandscapeLeft UIInterfaceOrientationLandscapeRight";
				LD_RUNPATH_SEARCH_PATHS = (
					"$(inherited)",
					"@executable_path/Frameworks",
				);
				MARKETING_VERSION = 1.0;
				PRODUCT_BUNDLE_IDENTIFIER = forkipe.SWIFT.MoodTracker;
				PRODUCT_NAME = "$(TARGET_NAME)";
				SWIFT_EMIT_LOC_STRINGS = YES;
				SWIFT_VERSION = 5.0;
				TARGETED_DEVICE_FAMILY = "1,2";
			};
			name = Release;
		};
/* End XCBuildConfiguration section */

/* Begin XCConfigurationList section */
		0C34E0C42A6406CE0077EDEA /* Build configuration list for PBXProject "MoodTracker" */ = {
			isa = XCConfigurationList;
			buildConfigurations = (
				0C34E0D52A6406D00077EDEA /* Debug */,
				0C34E0D62A6406D00077EDEA /* Release */,
			);
			defaultConfigurationIsVisible = 0;
			defaultConfigurationName = Release;
		};
		0C34E0D72A6406D00077EDEA /* Build configuration list for PBXNativeTarget "MoodTracker" */ = {
			isa = XCConfigurationList;
			buildConfigurations = (
				0C34E0D82A6406D00077EDEA /* Debug */,
				0C34E0D92A6406D00077EDEA /* Release */,
			);
			defaultConfigurationIsVisible = 0;
			defaultConfigurationName = Release;
		};
/* End XCConfigurationList section */

/* Begin XCVersionGroup section */
		0C34E0DB2A6406F90077EDEA /* MoodModel.xcdatamodeld */ = {
			isa = XCVersionGroup;
			children = (
				0C34E0DC2A6406F90077EDEA /* MoodModel.xcdatamodel */,
			);
			currentVersion = 0C34E0DC2A6406F90077EDEA /* MoodModel.xcdatamodel */;
			path = MoodModel.xcdatamodeld;
			sourceTree = "<group>";
			versionGroupType = wrapper.xcdatamodel;
		};
/* End XCVersionGroup section */
	};
	rootObject = 0C34E0C12A6406CE0077EDEA /* Project object */;
}
